// !$*UTF8*$!
{
	archiveVersion = 1;
	classes = {
	};
	objectVersion = 46;
	objects = {

/* Begin PBXBuildFile section */
		6F13E48F158E634100FD7DC9 /* Kernel_Errors.cpp in Sources */ = {isa = PBXBuildFile; fileRef = 6F13E48E158E634100FD7DC9 /* Kernel_Errors.cpp */; };
		6F13E493158E653F00FD7DC9 /* main_xbee.cpp in Sources */ = {isa = PBXBuildFile; fileRef = 6F13E492158E653F00FD7DC9 /* main_xbee.cpp */; };
		6F13E495158E655400FD7DC9 /* main_sd.cpp in Sources */ = {isa = PBXBuildFile; fileRef = 6F13E494158E655400FD7DC9 /* main_sd.cpp */; };
		6F13E4BD158E6CA200FD7DC9 /* dec_bayer.c in Sources */ = {isa = PBXBuildFile; fileRef = 6F13E49E158E6CA200FD7DC9 /* dec_bayer.c */; };
		6F13E4BE158E6CA200FD7DC9 /* dec_grey.c in Sources */ = {isa = PBXBuildFile; fileRef = 6F13E49F158E6CA200FD7DC9 /* dec_grey.c */; };
		6F13E4BF158E6CA200FD7DC9 /* dec_jpeg.c in Sources */ = {isa = PBXBuildFile; fileRef = 6F13E4A0158E6CA200FD7DC9 /* dec_jpeg.c */; };
		6F13E4C0158E6CA200FD7DC9 /* dec_png.c in Sources */ = {isa = PBXBuildFile; fileRef = 6F13E4A1158E6CA200FD7DC9 /* dec_png.c */; };
		6F13E4C1158E6CA200FD7DC9 /* dec_rgb.c in Sources */ = {isa = PBXBuildFile; fileRef = 6F13E4A2158E6CA200FD7DC9 /* dec_rgb.c */; };
		6F13E4C2158E6CA200FD7DC9 /* dec_s561.c in Sources */ = {isa = PBXBuildFile; fileRef = 6F13E4A3158E6CA200FD7DC9 /* dec_s561.c */; };
		6F13E4C3158E6CA200FD7DC9 /* dec_yuv.c in Sources */ = {isa = PBXBuildFile; fileRef = 6F13E4A4158E6CA200FD7DC9 /* dec_yuv.c */; };
		6F13E4C4158E6CA200FD7DC9 /* effects.c in Sources */ = {isa = PBXBuildFile; fileRef = 6F13E4A6158E6CA200FD7DC9 /* effects.c */; };
		6F13E4C5158E6CA200FD7DC9 /* fswebcam.c in Sources */ = {isa = PBXBuildFile; fileRef = 6F13E4AA158E6CA200FD7DC9 /* fswebcam.c */; };
		6F13E4C6158E6CA200FD7DC9 /* log.c in Sources */ = {isa = PBXBuildFile; fileRef = 6F13E4AD158E6CA200FD7DC9 /* log.c */; };
		6F13E4C7158E6CA200FD7DC9 /* parse.c in Sources */ = {isa = PBXBuildFile; fileRef = 6F13E4B0158E6CA200FD7DC9 /* parse.c */; };
		6F13E4C8158E6CA200FD7DC9 /* src_file.c in Sources */ = {isa = PBXBuildFile; fileRef = 6F13E4B3158E6CA200FD7DC9 /* src_file.c */; };
		6F13E4C9158E6CA200FD7DC9 /* src_raw.c in Sources */ = {isa = PBXBuildFile; fileRef = 6F13E4B4158E6CA200FD7DC9 /* src_raw.c */; };
		6F13E4CA158E6CA200FD7DC9 /* src_test.c in Sources */ = {isa = PBXBuildFile; fileRef = 6F13E4B5158E6CA200FD7DC9 /* src_test.c */; };
		6F13E4CB158E6CA200FD7DC9 /* src_v4l1.c in Sources */ = {isa = PBXBuildFile; fileRef = 6F13E4B6158E6CA200FD7DC9 /* src_v4l1.c */; };
		6F13E4CC158E6CA200FD7DC9 /* src_v4l2.c in Sources */ = {isa = PBXBuildFile; fileRef = 6F13E4B7158E6CA200FD7DC9 /* src_v4l2.c */; };
		6F13E4CD158E6CA200FD7DC9 /* src.c in Sources */ = {isa = PBXBuildFile; fileRef = 6F13E4B8158E6CA200FD7DC9 /* src.c */; };
		6FA4F9FB158D5D1100AE997F /* I2C Generic Access Functions.cpp in Sources */ = {isa = PBXBuildFile; fileRef = 6FA4F9FA158D5D1100AE997F /* I2C Generic Access Functions.cpp */; };
		6FF53DE7158D541300694F9A /* main_i2c.cpp in Sources */ = {isa = PBXBuildFile; fileRef = 6FF53DE6158D541300694F9A /* main_i2c.cpp */; };
		6FF53DE9158D541300694F9A /* Cansat_2013_function_set.1 in CopyFiles */ = {isa = PBXBuildFile; fileRef = 6FF53DE8158D541300694F9A /* Cansat_2013_function_set.1 */; };
/* End PBXBuildFile section */

/* Begin PBXCopyFilesBuildPhase section */
		6FF53DE0158D541300694F9A /* CopyFiles */ = {
			isa = PBXCopyFilesBuildPhase;
			buildActionMask = 2147483647;
			dstPath = /usr/share/man/man1/;
			dstSubfolderSpec = 0;
			files = (
				6FF53DE9158D541300694F9A /* Cansat_2013_function_set.1 in CopyFiles */,
			);
			runOnlyForDeploymentPostprocessing = 1;
		};
/* End PBXCopyFilesBuildPhase section */

/* Begin PBXFileReference section */
		6F13E48E158E634100FD7DC9 /* Kernel_Errors.cpp */ = {isa = PBXFileReference; fileEncoding = 4; lastKnownFileType = sourcecode.cpp.cpp; path = Kernel_Errors.cpp; sourceTree = "<group>"; };
		6F13E491158E635700FD7DC9 /* Kernel_Errors.h */ = {isa = PBXFileReference; fileEncoding = 4; lastKnownFileType = sourcecode.c.h; path = Kernel_Errors.h; sourceTree = "<group>"; };
		6F13E492158E653F00FD7DC9 /* main_xbee.cpp */ = {isa = PBXFileReference; fileEncoding = 4; lastKnownFileType = sourcecode.cpp.cpp; path = main_xbee.cpp; sourceTree = "<group>"; };
		6F13E494158E655400FD7DC9 /* main_sd.cpp */ = {isa = PBXFileReference; fileEncoding = 4; lastKnownFileType = sourcecode.cpp.cpp; path = main_sd.cpp; sourceTree = "<group>"; };
		6F13E49A158E6CA200FD7DC9 /* CHANGELOG */ = {isa = PBXFileReference; fileEncoding = 4; lastKnownFileType = text; name = CHANGELOG; path = "../../../../../../../../Users/francispapineau/Downloads/fsphil-fswebcam-c79427a/CHANGELOG"; sourceTree = "<group>"; };
		6F13E49B158E6CA200FD7DC9 /* config.h.in */ = {isa = PBXFileReference; fileEncoding = 4; lastKnownFileType = text; name = config.h.in; path = "../../../../../../../../Users/francispapineau/Downloads/fsphil-fswebcam-c79427a/config.h.in"; sourceTree = "<group>"; };
		6F13E49C158E6CA200FD7DC9 /* configure */ = {isa = PBXFileReference; fileEncoding = 4; lastKnownFileType = text.script.sh; name = configure; path = "../../../../../../../../Users/francispapineau/Downloads/fsphil-fswebcam-c79427a/configure"; sourceTree = "<group>"; };
		6F13E49D158E6CA200FD7DC9 /* configure.ac */ = {isa = PBXFileReference; fileEncoding = 4; lastKnownFileType = text; name = configure.ac; path = "../../../../../../../../Users/francispapineau/Downloads/fsphil-fswebcam-c79427a/configure.ac"; sourceTree = "<group>"; };
		6F13E49E158E6CA200FD7DC9 /* dec_bayer.c */ = {isa = PBXFileReference; fileEncoding = 4; lastKnownFileType = sourcecode.c.c; name = dec_bayer.c; path = "../../../../../../../../Users/francispapineau/Downloads/fsphil-fswebcam-c79427a/dec_bayer.c"; sourceTree = "<group>"; };
		6F13E49F158E6CA200FD7DC9 /* dec_grey.c */ = {isa = PBXFileReference; fileEncoding = 4; lastKnownFileType = sourcecode.c.c; name = dec_grey.c; path = "../../../../../../../../Users/francispapineau/Downloads/fsphil-fswebcam-c79427a/dec_grey.c"; sourceTree = "<group>"; };
		6F13E4A0158E6CA200FD7DC9 /* dec_jpeg.c */ = {isa = PBXFileReference; fileEncoding = 4; lastKnownFileType = sourcecode.c.c; name = dec_jpeg.c; path = "../../../../../../../../Users/francispapineau/Downloads/fsphil-fswebcam-c79427a/dec_jpeg.c"; sourceTree = "<group>"; };
		6F13E4A1158E6CA200FD7DC9 /* dec_png.c */ = {isa = PBXFileReference; fileEncoding = 4; lastKnownFileType = sourcecode.c.c; name = dec_png.c; path = "../../../../../../../../Users/francispapineau/Downloads/fsphil-fswebcam-c79427a/dec_png.c"; sourceTree = "<group>"; };
		6F13E4A2158E6CA200FD7DC9 /* dec_rgb.c */ = {isa = PBXFileReference; fileEncoding = 4; lastKnownFileType = sourcecode.c.c; name = dec_rgb.c; path = "../../../../../../../../Users/francispapineau/Downloads/fsphil-fswebcam-c79427a/dec_rgb.c"; sourceTree = "<group>"; };
		6F13E4A3158E6CA200FD7DC9 /* dec_s561.c */ = {isa = PBXFileReference; fileEncoding = 4; lastKnownFileType = sourcecode.c.c; name = dec_s561.c; path = "../../../../../../../../Users/francispapineau/Downloads/fsphil-fswebcam-c79427a/dec_s561.c"; sourceTree = "<group>"; };
		6F13E4A4158E6CA200FD7DC9 /* dec_yuv.c */ = {isa = PBXFileReference; fileEncoding = 4; lastKnownFileType = sourcecode.c.c; name = dec_yuv.c; path = "../../../../../../../../Users/francispapineau/Downloads/fsphil-fswebcam-c79427a/dec_yuv.c"; sourceTree = "<group>"; };
		6F13E4A5158E6CA200FD7DC9 /* dec.h */ = {isa = PBXFileReference; fileEncoding = 4; lastKnownFileType = sourcecode.c.h; name = dec.h; path = "../../../../../../../../Users/francispapineau/Downloads/fsphil-fswebcam-c79427a/dec.h"; sourceTree = "<group>"; };
		6F13E4A6158E6CA200FD7DC9 /* effects.c */ = {isa = PBXFileReference; fileEncoding = 4; lastKnownFileType = sourcecode.c.c; name = effects.c; path = "../../../../../../../../Users/francispapineau/Downloads/fsphil-fswebcam-c79427a/effects.c"; sourceTree = "<group>"; };
		6F13E4A7158E6CA200FD7DC9 /* effects.h */ = {isa = PBXFileReference; fileEncoding = 4; lastKnownFileType = sourcecode.c.h; name = effects.h; path = "../../../../../../../../Users/francispapineau/Downloads/fsphil-fswebcam-c79427a/effects.h"; sourceTree = "<group>"; };
		6F13E4A8158E6CA200FD7DC9 /* example.conf */ = {isa = PBXFileReference; fileEncoding = 4; lastKnownFileType = text; name = example.conf; path = "../../../../../../../../Users/francispapineau/Downloads/fsphil-fswebcam-c79427a/example.conf"; sourceTree = "<group>"; };
		6F13E4A9158E6CA200FD7DC9 /* fswebcam.1 */ = {isa = PBXFileReference; fileEncoding = 4; lastKnownFileType = text.man; name = fswebcam.1; path = "../../../../../../../../Users/francispapineau/Downloads/fsphil-fswebcam-c79427a/fswebcam.1"; sourceTree = "<group>"; };
		6F13E4AA158E6CA200FD7DC9 /* fswebcam.c */ = {isa = PBXFileReference; fileEncoding = 4; lastKnownFileType = sourcecode.c.c; name = fswebcam.c; path = "../../../../../../../../Users/francispapineau/Downloads/fsphil-fswebcam-c79427a/fswebcam.c"; sourceTree = "<group>"; };
		6F13E4AB158E6CA200FD7DC9 /* fswebcam.h */ = {isa = PBXFileReference; fileEncoding = 4; lastKnownFileType = sourcecode.c.h; name = fswebcam.h; path = "../../../../../../../../Users/francispapineau/Downloads/fsphil-fswebcam-c79427a/fswebcam.h"; sourceTree = "<group>"; };
		6F13E4AC158E6CA200FD7DC9 /* LICENSE */ = {isa = PBXFileReference; fileEncoding = 4; lastKnownFileType = text; name = LICENSE; path = "../../../../../../../../Users/francispapineau/Downloads/fsphil-fswebcam-c79427a/LICENSE"; sourceTree = "<group>"; };
		6F13E4AD158E6CA200FD7DC9 /* log.c */ = {isa = PBXFileReference; fileEncoding = 4; lastKnownFileType = sourcecode.c.c; name = log.c; path = "../../../../../../../../Users/francispapineau/Downloads/fsphil-fswebcam-c79427a/log.c"; sourceTree = "<group>"; };
		6F13E4AE158E6CA200FD7DC9 /* log.h */ = {isa = PBXFileReference; fileEncoding = 4; lastKnownFileType = sourcecode.c.h; name = log.h; path = "../../../../../../../../Users/francispapineau/Downloads/fsphil-fswebcam-c79427a/log.h"; sourceTree = "<group>"; };
		6F13E4AF158E6CA200FD7DC9 /* Makefile.in */ = {isa = PBXFileReference; fileEncoding = 4; lastKnownFileType = text; name = Makefile.in; path = "../../../../../../../../Users/francispapineau/Downloads/fsphil-fswebcam-c79427a/Makefile.in"; sourceTree = "<group>"; };
		6F13E4B0158E6CA200FD7DC9 /* parse.c */ = {isa = PBXFileReference; fileEncoding = 4; lastKnownFileType = sourcecode.c.c; name = parse.c; path = "../../../../../../../../Users/francispapineau/Downloads/fsphil-fswebcam-c79427a/parse.c"; sourceTree = "<group>"; };
		6F13E4B1158E6CA200FD7DC9 /* parse.h */ = {isa = PBXFileReference; fileEncoding = 4; lastKnownFileType = sourcecode.c.h; name = parse.h; path = "../../../../../../../../Users/francispapineau/Downloads/fsphil-fswebcam-c79427a/parse.h"; sourceTree = "<group>"; };
		6F13E4B2158E6CA200FD7DC9 /* README */ = {isa = PBXFileReference; fileEncoding = 4; lastKnownFileType = text; name = README; path = "../../../../../../../../Users/francispapineau/Downloads/fsphil-fswebcam-c79427a/README"; sourceTree = "<group>"; };
		6F13E4B3158E6CA200FD7DC9 /* src_file.c */ = {isa = PBXFileReference; fileEncoding = 4; lastKnownFileType = sourcecode.c.c; name = src_file.c; path = "../../../../../../../../Users/francispapineau/Downloads/fsphil-fswebcam-c79427a/src_file.c"; sourceTree = "<group>"; };
		6F13E4B4158E6CA200FD7DC9 /* src_raw.c */ = {isa = PBXFileReference; fileEncoding = 4; lastKnownFileType = sourcecode.c.c; name = src_raw.c; path = "../../../../../../../../Users/francispapineau/Downloads/fsphil-fswebcam-c79427a/src_raw.c"; sourceTree = "<group>"; };
		6F13E4B5158E6CA200FD7DC9 /* src_test.c */ = {isa = PBXFileReference; fileEncoding = 4; lastKnownFileType = sourcecode.c.c; name = src_test.c; path = "../../../../../../../../Users/francispapineau/Downloads/fsphil-fswebcam-c79427a/src_test.c"; sourceTree = "<group>"; };
		6F13E4B6158E6CA200FD7DC9 /* src_v4l1.c */ = {isa = PBXFileReference; fileEncoding = 4; lastKnownFileType = sourcecode.c.c; name = src_v4l1.c; path = "../../../../../../../../Users/francispapineau/Downloads/fsphil-fswebcam-c79427a/src_v4l1.c"; sourceTree = "<group>"; };
		6F13E4B7158E6CA200FD7DC9 /* src_v4l2.c */ = {isa = PBXFileReference; fileEncoding = 4; lastKnownFileType = sourcecode.c.c; name = src_v4l2.c; path = "../../../../../../../../Users/francispapineau/Downloads/fsphil-fswebcam-c79427a/src_v4l2.c"; sourceTree = "<group>"; };
		6F13E4B8158E6CA200FD7DC9 /* src.c */ = {isa = PBXFileReference; fileEncoding = 4; lastKnownFileType = sourcecode.c.c; name = src.c; path = "../../../../../../../../Users/francispapineau/Downloads/fsphil-fswebcam-c79427a/src.c"; sourceTree = "<group>"; };
		6F13E4B9158E6CA200FD7DC9 /* src.h */ = {isa = PBXFileReference; fileEncoding = 4; lastKnownFileType = sourcecode.c.h; name = src.h; path = "../../../../../../../../Users/francispapineau/Downloads/fsphil-fswebcam-c79427a/src.h"; sourceTree = "<group>"; };
		6F13E4BA158E6CA200FD7DC9 /* videodev_mjpeg.h */ = {isa = PBXFileReference; fileEncoding = 4; lastKnownFileType = sourcecode.c.h; name = videodev_mjpeg.h; path = "../../../../../../../../Users/francispapineau/Downloads/fsphil-fswebcam-c79427a/videodev_mjpeg.h"; sourceTree = "<group>"; };
		6F13E4BB158E6CA200FD7DC9 /* videodev.h */ = {isa = PBXFileReference; fileEncoding = 4; lastKnownFileType = sourcecode.c.h; name = videodev.h; path = "../../../../../../../../Users/francispapineau/Downloads/fsphil-fswebcam-c79427a/videodev.h"; sourceTree = "<group>"; };
		6F13E4BC158E6CA200FD7DC9 /* videodev2.h */ = {isa = PBXFileReference; fileEncoding = 4; lastKnownFileType = sourcecode.c.h; name = videodev2.h; path = "../../../../../../../../Users/francispapineau/Downloads/fsphil-fswebcam-c79427a/videodev2.h"; sourceTree = "<group>"; };
		6FA4F9FA158D5D1100AE997F /* I2C Generic Access Functions.cpp */ = {isa = PBXFileReference; fileEncoding = 4; lastKnownFileType = sourcecode.cpp.cpp; path = "I2C Generic Access Functions.cpp"; sourceTree = "<group>"; };
		6FF53DE2158D541300694F9A /* Cansat 2013 function set */ = {isa = PBXFileReference; explicitFileType = "compiled.mach-o.executable"; includeInIndex = 0; path = "Cansat 2013 function set"; sourceTree = BUILT_PRODUCTS_DIR; };
		6FF53DE6158D541300694F9A /* main_i2c.cpp */ = {isa = PBXFileReference; lastKnownFileType = sourcecode.cpp.cpp; path = main_i2c.cpp; sourceTree = "<group>"; };
		6FF53DE8158D541300694F9A /* Cansat_2013_function_set.1 */ = {isa = PBXFileReference; lastKnownFileType = text.man; path = Cansat_2013_function_set.1; sourceTree = "<group>"; };
/* End PBXFileReference section */

/* Begin PBXFrameworksBuildPhase section */
		6FF53DDF158D541300694F9A /* Frameworks */ = {
			isa = PBXFrameworksBuildPhase;
			buildActionMask = 2147483647;
			files = (
			);
			runOnlyForDeploymentPostprocessing = 0;
		};
/* End PBXFrameworksBuildPhase section */

/* Begin PBXGroup section */
		6F13E496158E65F300FD7DC9 /* Xbee Access */ = {
			isa = PBXGroup;
			children = (
				6F13E492158E653F00FD7DC9 /* main_xbee.cpp */,
			);
			name = "Xbee Access";
			sourceTree = "<group>";
		};
		6F13E497158E662A00FD7DC9 /* GPIO Access */ = {
			isa = PBXGroup;
			children = (
			);
			name = "GPIO Access";
			sourceTree = "<group>";
		};
		6F13E498158E662D00FD7DC9 /* GPS Access */ = {
			isa = PBXGroup;
			children = (
			);
			name = "GPS Access";
			sourceTree = "<group>";
		};
		6F13E499158E683B00FD7DC9 /* Camera Access */ = {
			isa = PBXGroup;
			children = (
				6F13E49A158E6CA200FD7DC9 /* CHANGELOG */,
				6F13E49B158E6CA200FD7DC9 /* config.h.in */,
				6F13E49C158E6CA200FD7DC9 /* configure */,
				6F13E49D158E6CA200FD7DC9 /* configure.ac */,
				6F13E49E158E6CA200FD7DC9 /* dec_bayer.c */,
				6F13E49F158E6CA200FD7DC9 /* dec_grey.c */,
				6F13E4A0158E6CA200FD7DC9 /* dec_jpeg.c */,
				6F13E4A1158E6CA200FD7DC9 /* dec_png.c */,
				6F13E4A2158E6CA200FD7DC9 /* dec_rgb.c */,
				6F13E4A3158E6CA200FD7DC9 /* dec_s561.c */,
				6F13E4A4158E6CA200FD7DC9 /* dec_yuv.c */,
				6F13E4A5158E6CA200FD7DC9 /* dec.h */,
				6F13E4A6158E6CA200FD7DC9 /* effects.c */,
				6F13E4A7158E6CA200FD7DC9 /* effects.h */,
				6F13E4A8158E6CA200FD7DC9 /* example.conf */,
				6F13E4A9158E6CA200FD7DC9 /* fswebcam.1 */,
				6F13E4AA158E6CA200FD7DC9 /* fswebcam.c */,
				6F13E4AB158E6CA200FD7DC9 /* fswebcam.h */,
				6F13E4AC158E6CA200FD7DC9 /* LICENSE */,
				6F13E4AD158E6CA200FD7DC9 /* log.c */,
				6F13E4AE158E6CA200FD7DC9 /* log.h */,
				6F13E4AF158E6CA200FD7DC9 /* Makefile.in */,
				6F13E4B0158E6CA200FD7DC9 /* parse.c */,
				6F13E4B1158E6CA200FD7DC9 /* parse.h */,
				6F13E4B2158E6CA200FD7DC9 /* README */,
				6F13E4B3158E6CA200FD7DC9 /* src_file.c */,
				6F13E4B4158E6CA200FD7DC9 /* src_raw.c */,
				6F13E4B5158E6CA200FD7DC9 /* src_test.c */,
				6F13E4B6158E6CA200FD7DC9 /* src_v4l1.c */,
				6F13E4B7158E6CA200FD7DC9 /* src_v4l2.c */,
				6F13E4B8158E6CA200FD7DC9 /* src.c */,
				6F13E4B9158E6CA200FD7DC9 /* src.h */,
				6F13E4BA158E6CA200FD7DC9 /* videodev_mjpeg.h */,
				6F13E4BB158E6CA200FD7DC9 /* videodev.h */,
				6F13E4BC158E6CA200FD7DC9 /* videodev2.h */,
			);
			name = "Camera Access";
			sourceTree = "<group>";
		};
		6FA4F9F2158D57AF00AE997F /* I2C Access */ = {
			isa = PBXGroup;
			children = (
				6FF53DE6158D541300694F9A /* main_i2c.cpp */,
				6FA4F9FA158D5D1100AE997F /* I2C Generic Access Functions.cpp */,
			);
			name = "I2C Access";
			sourceTree = "<group>";
		};
		6FA4F9F6158D57EB00AE997F /* SD Access */ = {
			isa = PBXGroup;
			children = (
				6F13E494158E655400FD7DC9 /* main_sd.cpp */,
			);
			name = "SD Access";
			sourceTree = "<group>";
		};
		6FA4F9F8158D584B00AE997F /* Main System Calls */ = {
			isa = PBXGroup;
			children = (
				6F13E491158E635700FD7DC9 /* Kernel_Errors.h */,
				6F13E48E158E634100FD7DC9 /* Kernel_Errors.cpp */,
			);
			name = "Main System Calls";
			sourceTree = "<group>";
		};
		6FA4F9F9158D586300AE997F /* Delegate System Calls */ = {
			isa = PBXGroup;
			children = (
				6F13E499158E683B00FD7DC9 /* Camera Access */,
				6F13E498158E662D00FD7DC9 /* GPS Access */,
				6F13E497158E662A00FD7DC9 /* GPIO Access */,
				6F13E496158E65F300FD7DC9 /* Xbee Access */,
				6FA4F9F6158D57EB00AE997F /* SD Access */,
				6FA4F9F2158D57AF00AE997F /* I2C Access */,
			);
			name = "Delegate System Calls";
			sourceTree = "<group>";
		};
		6FF53DD7158D541300694F9A = {
			isa = PBXGroup;
			children = (
				6FF53DE5158D541300694F9A /* Cansat 2013 function set */,
				6FF53DE3158D541300694F9A /* Products */,
			);
			sourceTree = "<group>";
		};
		6FF53DE3158D541300694F9A /* Products */ = {
			isa = PBXGroup;
			children = (
				6FF53DE2158D541300694F9A /* Cansat 2013 function set */,
			);
			name = Products;
			sourceTree = "<group>";
		};
		6FF53DE5158D541300694F9A /* Cansat 2013 function set */ = {
			isa = PBXGroup;
			children = (
				6FA4F9F9158D586300AE997F /* Delegate System Calls */,
				6FA4F9F8158D584B00AE997F /* Main System Calls */,
				6FF53DE8158D541300694F9A /* Cansat_2013_function_set.1 */,
			);
			path = "Cansat 2013 function set";
			sourceTree = "<group>";
		};
/* End PBXGroup section */

/* Begin PBXNativeTarget section */
		6FF53DE1158D541300694F9A /* Cansat 2013 function set */ = {
			isa = PBXNativeTarget;
			buildConfigurationList = 6FF53DEC158D541300694F9A /* Build configuration list for PBXNativeTarget "Cansat 2013 function set" */;
			buildPhases = (
				6FF53DDE158D541300694F9A /* Sources */,
				6FF53DDF158D541300694F9A /* Frameworks */,
				6FF53DE0158D541300694F9A /* CopyFiles */,
			);
			buildRules = (
			);
			dependencies = (
			);
			name = "Cansat 2013 function set";
			productName = "Cansat 2013 function set";
			productReference = 6FF53DE2158D541300694F9A /* Cansat 2013 function set */;
			productType = "com.apple.product-type.tool";
		};
/* End PBXNativeTarget section */

/* Begin PBXProject section */
		6FF53DD9158D541300694F9A /* Project object */ = {
			isa = PBXProject;
			attributes = {
				LastUpgradeCheck = 0430;
				ORGANIZATIONNAME = "carleton university";
			};
			buildConfigurationList = 6FF53DDC158D541300694F9A /* Build configuration list for PBXProject "Cansat 2013 function set" */;
			compatibilityVersion = "Xcode 3.2";
			developmentRegion = English;
			hasScannedForEncodings = 0;
			knownRegions = (
				en,
			);
			mainGroup = 6FF53DD7158D541300694F9A;
			productRefGroup = 6FF53DE3158D541300694F9A /* Products */;
			projectDirPath = "";
			projectRoot = "";
			targets = (
				6FF53DE1158D541300694F9A /* Cansat 2013 function set */,
			);
		};
/* End PBXProject section */

/* Begin PBXSourcesBuildPhase section */
		6FF53DDE158D541300694F9A /* Sources */ = {
			isa = PBXSourcesBuildPhase;
			buildActionMask = 2147483647;
			files = (
				6FF53DE7158D541300694F9A /* main_i2c.cpp in Sources */,
				6FA4F9FB158D5D1100AE997F /* I2C Generic Access Functions.cpp in Sources */,
				6F13E48F158E634100FD7DC9 /* Kernel_Errors.cpp in Sources */,
				6F13E493158E653F00FD7DC9 /* main_xbee.cpp in Sources */,
				6F13E495158E655400FD7DC9 /* main_sd.cpp in Sources */,
				6F13E4BD158E6CA200FD7DC9 /* dec_bayer.c in Sources */,
				6F13E4BE158E6CA200FD7DC9 /* dec_grey.c in Sources */,
				6F13E4BF158E6CA200FD7DC9 /* dec_jpeg.c in Sources */,
				6F13E4C0158E6CA200FD7DC9 /* dec_png.c in Sources */,
				6F13E4C1158E6CA200FD7DC9 /* dec_rgb.c in Sources */,
				6F13E4C2158E6CA200FD7DC9 /* dec_s561.c in Sources */,
				6F13E4C3158E6CA200FD7DC9 /* dec_yuv.c in Sources */,
				6F13E4C4158E6CA200FD7DC9 /* effects.c in Sources */,
				6F13E4C5158E6CA200FD7DC9 /* fswebcam.c in Sources */,
				6F13E4C6158E6CA200FD7DC9 /* log.c in Sources */,
				6F13E4C7158E6CA200FD7DC9 /* parse.c in Sources */,
				6F13E4C8158E6CA200FD7DC9 /* src_file.c in Sources */,
				6F13E4C9158E6CA200FD7DC9 /* src_raw.c in Sources */,
				6F13E4CA158E6CA200FD7DC9 /* src_test.c in Sources */,
				6F13E4CB158E6CA200FD7DC9 /* src_v4l1.c in Sources */,
				6F13E4CC158E6CA200FD7DC9 /* src_v4l2.c in Sources */,
				6F13E4CD158E6CA200FD7DC9 /* src.c in Sources */,
			);
			runOnlyForDeploymentPostprocessing = 0;
		};
/* End PBXSourcesBuildPhase section */

/* Begin XCBuildConfiguration section */
		6FF53DEA158D541300694F9A /* Debug */ = {
			isa = XCBuildConfiguration;
			buildSettings = {
				ALWAYS_SEARCH_USER_PATHS = NO;
				ARCHS = "$(ARCHS_STANDARD_64_BIT)";
				CLANG_ENABLE_OBJC_ARC = YES;
				COPY_PHASE_STRIP = NO;
				GCC_C_LANGUAGE_STANDARD = gnu99;
				GCC_DYNAMIC_NO_PIC = NO;
				GCC_ENABLE_OBJC_EXCEPTIONS = YES;
				GCC_OPTIMIZATION_LEVEL = 0;
				GCC_PREPROCESSOR_DEFINITIONS = (
					"DEBUG=1",
					"$(inherited)",
				);
				GCC_SYMBOLS_PRIVATE_EXTERN = NO;
				GCC_VERSION = com.apple.compilers.llvm.clang.1_0;
				GCC_WARN_64_TO_32_BIT_CONVERSION = YES;
				GCC_WARN_ABOUT_RETURN_TYPE = YES;
				GCC_WARN_UNINITIALIZED_AUTOS = YES;
				GCC_WARN_UNUSED_VARIABLE = YES;
				MACOSX_DEPLOYMENT_TARGET = 10.7;
				ONLY_ACTIVE_ARCH = YES;
				SDKROOT = macosx;
			};
			name = Debug;
		};
		6FF53DEB158D541300694F9A /* Release */ = {
			isa = XCBuildConfiguration;
			buildSettings = {
				ALWAYS_SEARCH_USER_PATHS = NO;
				ARCHS = "$(ARCHS_STANDARD_64_BIT)";
				CLANG_ENABLE_OBJC_ARC = YES;
				COPY_PHASE_STRIP = YES;
				DEBUG_INFORMATION_FORMAT = "dwarf-with-dsym";
				GCC_C_LANGUAGE_STANDARD = gnu99;
				GCC_ENABLE_OBJC_EXCEPTIONS = YES;
				GCC_VERSION = com.apple.compilers.llvm.clang.1_0;
				GCC_WARN_64_TO_32_BIT_CONVERSION = YES;
				GCC_WARN_ABOUT_RETURN_TYPE = YES;
				GCC_WARN_UNINITIALIZED_AUTOS = YES;
				GCC_WARN_UNUSED_VARIABLE = YES;
				MACOSX_DEPLOYMENT_TARGET = 10.7;
				SDKROOT = macosx;
			};
			name = Release;
		};
		6FF53DED158D541300694F9A /* Debug */ = {
			isa = XCBuildConfiguration;
			buildSettings = {
				PRODUCT_NAME = "$(TARGET_NAME)";
			};
			name = Debug;
		};
		6FF53DEE158D541300694F9A /* Release */ = {
			isa = XCBuildConfiguration;
			buildSettings = {
				PRODUCT_NAME = "$(TARGET_NAME)";
			};
			name = Release;
		};
/* End XCBuildConfiguration section */

/* Begin XCConfigurationList section */
		6FF53DDC158D541300694F9A /* Build configuration list for PBXProject "Cansat 2013 function set" */ = {
			isa = XCConfigurationList;
			buildConfigurations = (
				6FF53DEA158D541300694F9A /* Debug */,
				6FF53DEB158D541300694F9A /* Release */,
			);
			defaultConfigurationIsVisible = 0;
			defaultConfigurationName = Release;
		};
		6FF53DEC158D541300694F9A /* Build configuration list for PBXNativeTarget "Cansat 2013 function set" */ = {
			isa = XCConfigurationList;
			buildConfigurations = (
				6FF53DED158D541300694F9A /* Debug */,
				6FF53DEE158D541300694F9A /* Release */,
			);
			defaultConfigurationIsVisible = 0;
			defaultConfigurationName = Release;
		};
/* End XCConfigurationList section */
	};
	rootObject = 6FF53DD9158D541300694F9A /* Project object */;
}
